
Microsoft Visual Studio Solution File, Format Version 12.00
# Visual Studio 15
VisualStudioVersion = 15.0.27004.2010
MinimumVisualStudioVersion = 10.0.40219.1
Project("{FAE04EC0-301F-11D3-BF4B-00C04F79EFBC}") = "BatchRenameApp", "BatchRenameApp\BatchRenameApp.csproj", "{F4BFB32F-BA9D-4409-815B-68E37349ED6A}"
EndProject
Global
	GlobalSection(SolutionConfigurationPlatforms) = preSolution
		Debug|Any CPU = Debug|Any CPU
		Release|Any CPU = Release|Any CPU
	EndGlobalSection
	GlobalSection(ProjectConfigurationPlatforms) = postSolution
		{F4BFB32F-BA9D-4409-815B-68E37349ED6A}.Debug|Any CPU.ActiveCfg = Debug|Any CPU
		{F4BFB32F-BA9D-4409-815B-68E37349ED6A}.Debug|Any CPU.Build.0 = Debug|Any CPU
		{F4BFB32F-BA9D-4409-815B-68E37349ED6A}.Release|Any CPU.ActiveCfg = Release|Any CPU
		{F4BFB32F-BA9D-4409-815B-68E37349ED6A}.Release|Any CPU.Build.0 = Release|Any CPU
	EndGlobalSection
	GlobalSection(SolutionProperties) = preSolution
		HideSolutionNode = FALSE
	EndGlobalSection
	GlobalSection(ExtensibilityGlobals) = postSolution
		SolutionGuid = {8E9CBE60-3BF3-40FB-BD4E-573E7AAC3D3A}
	EndGlobalSection
EndGlobal
